{
  "version": 4,
  "terraform_version": "1.14.8",
  "serial": 1,
  "lineage": "22202f23-d4d0-44ad-9dcd-964f38db8709",
  "outputs": {},
  "resources": [
    {
      "mode": "managed",
      "type": "proxmox_vm_qemu",
      "name": "winvm",
      "provider": "provider[\"registry.terraform.io/telmate/proxmox\"]",
      "instances": [
        {
          "schema_version": 0,
          "attributes": {
            "additional_wait": 5,
            "agent": 1,
            "agent_timeout": 90,
            "args": "",
            "automatic_reboot": true,
            "balloon": 0,
            "bios": "seabios",
            "boot": "order=sata0",
            "bootdisk": "",
            "ci_wait": null,
            "cicustom": null,
            "cipassword": "",
            "ciupgrade": false,
            "ciuser": "",
            "clone": "Windows-10",
            "clone_id": null,
            "clone_wait": 10,
            "cores": 2,
            "cpu": [],
            "cpu_type": "host",
            "current_node": "pve",
            "default_ipv4_address": "",
            "default_ipv6_address": "",
            "define_connection_info": true,
            "desc": null,
            "description": "Managed by Terraform.",
            "disk": [
              {
                "asyncio": "",
                "backup": true,
                "cache": "",
                "discard": false,
                "disk_file": "",
                "emulatessd": false,
                "format": "raw",
                "id": 0,
                "iops_r_burst": 0,
                "iops_r_burst_length": 0,
                "iops_r_concurrent": 0,
                "iops_wr_burst": 0,
                "iops_wr_burst_length": 0,
                "iops_wr_concurrent": 0,
                "iothread": false,
                "iso": "",
                "linked_disk_id": -1,
                "mbps_r_burst": 0,
                "mbps_r_concurrent": 0,
                "mbps_wr_burst": 0,
                "mbps_wr_concurrent": 0,
                "passthrough": false,
                "readonly": false,
                "replicate": false,
                "serial": "",
                "size": "50G",
                "slot": "sata0",
                "storage": "localova",
                "type": "disk",
                "wwn": ""
              }
            ],
            "disks": [],
            "efidisk": [],
            "force_create": false,
            "force_recreate_on_change_of": null,
            "full_clone": true,
            "hagroup": "",
            "hastate": "",
            "hostpci": [],
            "hotplug": "network,disk,usb",
            "id": "pve/qemu/118",
            "ipconfig0": null,
            "ipconfig1": null,
            "ipconfig10": null,
            "ipconfig11": null,
            "ipconfig12": null,
            "ipconfig13": null,
            "ipconfig14": null,
            "ipconfig15": null,
            "ipconfig2": null,
            "ipconfig3": null,
            "ipconfig4": null,
            "ipconfig5": null,
            "ipconfig6": null,
            "ipconfig7": null,
            "ipconfig8": null,
            "ipconfig9": null,
            "kvm": true,
            "linked_vmid": 0,
            "machine": "pc-i440fx-10.1",
            "memory": 4096,
            "name": "Victim-Win-Caldera",
            "nameserver": null,
            "network": [
              {
                "bridge": "vmbr0",
                "firewall": false,
                "id": 0,
                "link_down": false,
                "macaddr": "bc:24:11:3d:c6:06",
                "model": "virtio",
                "mtu": 0,
                "queues": 0,
                "rate": 0,
                "tag": 0
              }
            ],
            "numa": false,
            "onboot": true,
            "os_network_config": null,
            "os_type": "win10",
            "pci": [],
            "pcis": [],
            "pool": "",
            "protection": false,
            "pxe": null,
            "qemu_os": "win10",
            "reboot_required": false,
            "rng": [],
            "scsihw": "virtio-scsi-pci",
            "searchdomain": null,
            "serial": [],
            "skip_ipv4": false,
            "skip_ipv6": false,
            "smbios": [
              {
                "family": "",
                "manufacturer": "",
                "product": "",
                "serial": "",
                "sku": "",
                "uuid": "62d25327-fce0-4ee2-852e-ef398db0fd7e",
                "version": ""
              }
            ],
            "sockets": 1,
            "ssh_forward_ip": null,
            "ssh_host": "",
            "ssh_port": "22",
            "ssh_private_key": null,
            "ssh_user": null,
            "sshkeys": null,
            "startup": "",
            "tablet": true,
            "tags": " ",
            "target_node": "pve",
            "target_nodes": null,
            "timeouts": null,
            "tpm_state": [],
            "unused_disk": [],
            "usb": [],
            "usbs": [],
            "vcpus": null,
            "vga": [],
            "vm_state": "running",
            "vmid": 118
          },
          "sensitive_attributes": [
            [
              {
                "type": "get_attr",
                "value": "cipassword"
              }
            ],
            [
              {
                "type": "get_attr",
                "value": "ssh_private_key"
              }
            ]
          ],
          "identity_schema_version": 0,
          "private": "eyJlMmJmYjczMC1lY2FhLTExZTYtOGY4OC0zNDM2M2JjN2M0YzAiOnsiY3JlYXRlIjoxMjAwMDAwMDAwMDAwLCJkZWZhdWx0IjoxMjAwMDAwMDAwMDAwLCJkZWxldGUiOjEyMDAwMDAwMDAwMDAsInJlYWQiOjEyMDAwMDAwMDAwMDAsInVwZGF0ZSI6MTIwMDAwMDAwMDAwMH19"
        }
      ]
    }
  ],
  "check_results": null
}
